
Microsoft Visual Studio Solution File, Format Version 12.00
# Visual Studio 15
VisualStudioVersion = 15.0.27102.0
MinimumVisualStudioVersion = 10.0.40219.1
Project("{9A19103F-16F7-4668-BE54-9A1E7A4F7556}") = "ZeekoBlog", "ZeekoBlog\ZeekoBlog.csproj", "{E5867A29-E4DA-4C97-8629-5FE5DFB9460F}"
EndProject
Project("{2150E333-8FDC-42A3-9474-1A3956D46DE8}") = "Solution Items", "Solution Items", "{BFA66487-A378-441B-9A9E-8328C8F19B13}"
	ProjectSection(SolutionItems) = preProject
		.gitattributes = .gitattributes
		.gitignore = .gitignore
		.travis.yml = .travis.yml
		Dockerfile = Dockerfile
		Nuget.Config = Nuget.Config
		Publish.ps1 = Publish.ps1
		README.MD = README.MD
		Trigger-CI.ps1 = Trigger-CI.ps1
	EndProjectSection
EndProject
Project("{9A19103F-16F7-4668-BE54-9A1E7A4F7556}") = "ZeekoBlog.Markdown", "ZeekoBlog.Markdown\ZeekoBlog.Markdown.csproj", "{C535B8AE-06B3-4815-93D9-CEA3FC7B8AC0}"
EndProject
Project("{6EC3EE1D-3C4E-46DD-8F32-0CC8E7565705}") = "ZeekoBlog.Fun", "ZeekoBlog.Fun\ZeekoBlog.Fun.fsproj", "{1D57F311-2187-4098-B115-4ABFC729DAD5}"
EndProject
Project("{9A19103F-16F7-4668-BE54-9A1E7A4F7556}") = "ZeekoBlog.Core", "ZeekoBlog.Core\ZeekoBlog.Core.csproj", "{CC8C2EFE-E14E-4CE2-9369-6585DB5D3751}"
EndProject
Project("{FAE04EC0-301F-11D3-BF4B-00C04F79EFBC}") = "ZeekoBlog.CodeHighlight", "ZeekoBlog.CodeHighlight\ZeekoBlog.CodeHighlight.csproj", "{0A473A92-64BE-42FF-A858-26FB7F39B698}"
EndProject
Project("{FAE04EC0-301F-11D3-BF4B-00C04F79EFBC}") = "Tests", "Tests\Tests.csproj", "{4E43FD94-81B7-46FE-8DFC-CCB906BFFE27}"
EndProject
Global
	GlobalSection(SolutionConfigurationPlatforms) = preSolution
		Debug|Any CPU = Debug|Any CPU
		Release|Any CPU = Release|Any CPU
	EndGlobalSection
	GlobalSection(ProjectConfigurationPlatforms) = postSolution
		{E5867A29-E4DA-4C97-8629-5FE5DFB9460F}.Debug|Any CPU.ActiveCfg = Debug|Any CPU
		{E5867A29-E4DA-4C97-8629-5FE5DFB9460F}.Debug|Any CPU.Build.0 = Debug|Any CPU
		{E5867A29-E4DA-4C97-8629-5FE5DFB9460F}.Release|Any CPU.ActiveCfg = Release|Any CPU
		{E5867A29-E4DA-4C97-8629-5FE5DFB9460F}.Release|Any CPU.Build.0 = Release|Any CPU
		{C535B8AE-06B3-4815-93D9-CEA3FC7B8AC0}.Debug|Any CPU.ActiveCfg = Debug|Any CPU
		{C535B8AE-06B3-4815-93D9-CEA3FC7B8AC0}.Debug|Any CPU.Build.0 = Debug|Any CPU
		{C535B8AE-06B3-4815-93D9-CEA3FC7B8AC0}.Release|Any CPU.ActiveCfg = Release|Any CPU
		{C535B8AE-06B3-4815-93D9-CEA3FC7B8AC0}.Release|Any CPU.Build.0 = Release|Any CPU
		{1D57F311-2187-4098-B115-4ABFC729DAD5}.Debug|Any CPU.ActiveCfg = Debug|Any CPU
		{1D57F311-2187-4098-B115-4ABFC729DAD5}.Debug|Any CPU.Build.0 = Debug|Any CPU
		{1D57F311-2187-4098-B115-4ABFC729DAD5}.Release|Any CPU.ActiveCfg = Release|Any CPU
		{1D57F311-2187-4098-B115-4ABFC729DAD5}.Release|Any CPU.Build.0 = Release|Any CPU
		{CC8C2EFE-E14E-4CE2-9369-6585DB5D3751}.Debug|Any CPU.ActiveCfg = Debug|Any CPU
		{CC8C2EFE-E14E-4CE2-9369-6585DB5D3751}.Debug|Any CPU.Build.0 = Debug|Any CPU
		{CC8C2EFE-E14E-4CE2-9369-6585DB5D3751}.Release|Any CPU.ActiveCfg = Release|Any CPU
		{CC8C2EFE-E14E-4CE2-9369-6585DB5D3751}.Release|Any CPU.Build.0 = Release|Any CPU
		{0A473A92-64BE-42FF-A858-26FB7F39B698}.Debug|Any CPU.ActiveCfg = Debug|Any CPU
		{0A473A92-64BE-42FF-A858-26FB7F39B698}.Debug|Any CPU.Build.0 = Debug|Any CPU
		{0A473A92-64BE-42FF-A858-26FB7F39B698}.Release|Any CPU.ActiveCfg = Release|Any CPU
		{0A473A92-64BE-42FF-A858-26FB7F39B698}.Release|Any CPU.Build.0 = Release|Any CPU
		{4E43FD94-81B7-46FE-8DFC-CCB906BFFE27}.Debug|Any CPU.ActiveCfg = Debug|Any CPU
		{4E43FD94-81B7-46FE-8DFC-CCB906BFFE27}.Debug|Any CPU.Build.0 = Debug|Any CPU
		{4E43FD94-81B7-46FE-8DFC-CCB906BFFE27}.Release|Any CPU.ActiveCfg = Release|Any CPU
		{4E43FD94-81B7-46FE-8DFC-CCB906BFFE27}.Release|Any CPU.Build.0 = Release|Any CPU
	EndGlobalSection
	GlobalSection(SolutionProperties) = preSolution
		HideSolutionNode = FALSE
	EndGlobalSection
	GlobalSection(ExtensibilityGlobals) = postSolution
		SolutionGuid = {245F29AB-53B0-4DD2-A480-F1A1E035D995}
	EndGlobalSection
EndGlobal
