# THIS IS AN AUTOGENERATED FILE. DO NOT EDIT THIS FILE DIRECTLY.
# yarn lockfile v1


highlight.js@^9.15.10:
  version "9.15.10"
  resolved "https://registry.npm.taobao.org/highlight.js/download/highlight.js-9.15.10.tgz#7b18ed75c90348c045eef9ed08ca1319a2219ad2"
  integrity sha1-exjtdckDSMBF7vntCMoTGaIhmtI=
